
Microsoft Visual Studio Solution File, Format Version 12.00
Project("{FAE04EC0-301F-11D3-BF4B-00C04F79EFBC}") = "Dota2CachePatcher", "Dota2CachePatcher\Dota2CachePatcher.csproj", "{0F6CD47F-40DA-401F-911B-99A6A2574ED7}"
EndProject
Global
	GlobalSection(SolutionConfigurationPlatforms) = preSolution
		Debug|Any CPU = Debug|Any CPU
		Release|Any CPU = Release|Any CPU
	EndGlobalSection
	GlobalSection(ProjectConfigurationPlatforms) = postSolution
		{0F6CD47F-40DA-401F-911B-99A6A2574ED7}.Debug|Any CPU.ActiveCfg = Debug|Any CPU
		{0F6CD47F-40DA-401F-911B-99A6A2574ED7}.Debug|Any CPU.Build.0 = Debug|Any CPU
		{0F6CD47F-40DA-401F-911B-99A6A2574ED7}.Release|Any CPU.ActiveCfg = Release|Any CPU
		{0F6CD47F-40DA-401F-911B-99A6A2574ED7}.Release|Any CPU.Build.0 = Release|Any CPU
	EndGlobalSection
EndGlobal
